{
  "name": "backendapp",
  "version": "1.0.0",
  "lockfileVersion": 2,
  "requires": true,
  "packages": {
    "": {
      "name": "backendapp",
      "version": "1.0.0",
      "license": "ISC",
      "dependencies": {
        "node-emoji": "^1.11.0",
        "random-emoji": "^1.0.2"
      }
    },
    "node_modules/emoji-named-characters": {
      "version": "1.0.2",
      "resolved": "https://registry.npmjs.org/emoji-named-characters/-/emoji-named-characters-1.0.2.tgz",
      "integrity": "sha512-F9uKjyRsj7qjqZh7yjgHYa7XCgJgGI+nHTUqxkq/TDGuq0wLFbUX0wNes3XC6OA2j2Uu8PaeZD6hvCu5eO3lTA==",
      "deprecated": "This package is no longer maintained"
    },
    "node_modules/lodash": {
      "version": "4.17.21",
      "resolved": "https://registry.npmjs.org/lodash/-/lodash-4.17.21.tgz",
      "integrity": "sha512-v2kDEe57lecTulaDIuNTPy3Ry4gLGJ6Z1O3vE1krgXZNrsQ+LFTGHVxVjcXPs17LhbZVGedAJv8XZ1tvj5FvSg=="
    },
    "node_modules/lodash.shuffle": {
      "version": "4.2.0",
      "resolved": "https://registry.npmjs.org/lodash.shuffle/-/lodash.shuffle-4.2.0.tgz",
      "integrity": "sha512-V/rTAABKLFjoecTZjKSv+A1ZomG8hZg8hlgeG6wwQVD9AGv+10zqqSf6mFq2tVA703Zd5R0YhSuSlXA+E/Ei+Q=="
    },
    "node_modules/node-emoji": {
      "version": "1.11.0",
      "resolved": "https://registry.npmjs.org/node-emoji/-/node-emoji-1.11.0.tgz",
      "integrity": "sha512-wo2DpQkQp7Sjm2A0cq+sN7EHKO6Sl0ctXeBdFZrL9T9+UywORbufTcTZxom8YqpLQt/FqNMUkOpkZrJVYSKD3A==",
      "dependencies": {
        "lodash": "^4.17.21"
      }
    },
    "node_modules/random-emoji": {
      "version": "1.0.2",
      "resolved": "https://registry.npmjs.org/random-emoji/-/random-emoji-1.0.2.tgz",
      "integrity": "sha512-eyk84bFq1aw/wzW4RwzmKgZ8iqtzoGmkAVtLZsPPwwdQnlj7DE/qfSezoJHmvZpNHhU5zw9mcXrUbGS+g8cgFg==",
      "deprecated": "This package is no longer maintained",
      "dependencies": {
        "emoji-named-characters": "^1.0.2",
        "lodash.shuffle": "^4.1.0"
      }
    }
  },
  "dependencies": {
    "emoji-named-characters": {
      "version": "1.0.2",
      "resolved": "https://registry.npmjs.org/emoji-named-characters/-/emoji-named-characters-1.0.2.tgz",
      "integrity": "sha512-F9uKjyRsj7qjqZh7yjgHYa7XCgJgGI+nHTUqxkq/TDGuq0wLFbUX0wNes3XC6OA2j2Uu8PaeZD6hvCu5eO3lTA=="
    },
    "lodash": {
      "version": "4.17.21",
      "resolved": "https://registry.npmjs.org/lodash/-/lodash-4.17.21.tgz",
      "integrity": "sha512-v2kDEe57lecTulaDIuNTPy3Ry4gLGJ6Z1O3vE1krgXZNrsQ+LFTGHVxVjcXPs17LhbZVGedAJv8XZ1tvj5FvSg=="
    },
    "lodash.shuffle": {
      "version": "4.2.0",
      "resolved": "https://registry.npmjs.org/lodash.shuffle/-/lodash.shuffle-4.2.0.tgz",
      "integrity": "sha512-V/rTAABKLFjoecTZjKSv+A1ZomG8hZg8hlgeG6wwQVD9AGv+10zqqSf6mFq2tVA703Zd5R0YhSuSlXA+E/Ei+Q=="
    },
    "node-emoji": {
      "version": "1.11.0",
      "resolved": "https://registry.npmjs.org/node-emoji/-/node-emoji-1.11.0.tgz",
      "integrity": "sha512-wo2DpQkQp7Sjm2A0cq+sN7EHKO6Sl0ctXeBdFZrL9T9+UywORbufTcTZxom8YqpLQt/FqNMUkOpkZrJVYSKD3A==",
      "requires": {
        "lodash": "^4.17.21"
      }
    },
    "random-emoji": {
      "version": "1.0.2",
      "resolved": "https://registry.npmjs.org/random-emoji/-/random-emoji-1.0.2.tgz",
      "integrity": "sha512-eyk84bFq1aw/wzW4RwzmKgZ8iqtzoGmkAVtLZsPPwwdQnlj7DE/qfSezoJHmvZpNHhU5zw9mcXrUbGS+g8cgFg==",
      "requires": {
        "emoji-named-characters": "^1.0.2",
        "lodash.shuffle": "^4.1.0"
      }
    }
  }
}
